
Microsoft Visual Studio Solution File, Format Version 12.00
# Visual Studio Version 17
VisualStudioVersion = 17.5.33516.290
MinimumVisualStudioVersion = 10.0.40219.1
Project("{FAE04EC0-301F-11D3-BF4B-00C04F79EFBC}") = "ODataDemo", "ODataDemo.csproj", "{72582EC5-BF7D-45CE-AC37-EB0F51994238}"
EndProject
Global
	GlobalSection(SolutionConfigurationPlatforms) = preSolution
		Debug|Any CPU = Debug|Any CPU
		Release|Any CPU = Release|Any CPU
	EndGlobalSection
	GlobalSection(ProjectConfigurationPlatforms) = postSolution
		{72582EC5-BF7D-45CE-AC37-EB0F51994238}.Debug|Any CPU.ActiveCfg = Debug|Any CPU
		{72582EC5-BF7D-45CE-AC37-EB0F51994238}.Debug|Any CPU.Build.0 = Debug|Any CPU
		{72582EC5-BF7D-45CE-AC37-EB0F51994238}.Release|Any CPU.ActiveCfg = Release|Any CPU
		{72582EC5-BF7D-45CE-AC37-EB0F51994238}.Release|Any CPU.Build.0 = Release|Any CPU
	EndGlobalSection
	GlobalSection(SolutionProperties) = preSolution
		HideSolutionNode = FALSE
	EndGlobalSection
	GlobalSection(ExtensibilityGlobals) = postSolution
		SolutionGuid = {A681ADD9-453E-4E62-B03B-A4A82C028CF7}
	EndGlobalSection
EndGlobal
